{
  "object": {
    "pins": [
      {
        "package": "AudioKit",
        "repositoryURL": "https://github.com/AudioKit/AudioKit",
        "state": {
          "branch": null,
          "revision": "4c3f5ef1b7d758609c7cfbc2d1f631fc45da04d1",
          "version": "5.2.0"
        }
      },
      {
        "package": "AudioKitUI",
        "repositoryURL": "https://github.com/AudioKit/AudioKitUI",
        "state": {
          "branch": "main",
          "revision": "7a9b83433b003e65f9d4d29d492bcd373488b67e",
          "version": null
        }
      }
    ]
  },
  "version": 1
}
